// !$*UTF8*$!
{
	archiveVersion = 1;
	classes = {
	};
	objectVersion = 50;
	objects = {

/* Begin PBXBuildFile section */
		0C75F28523C4C40A00B0D850 /* albumPlaceHolder.jpg in Resources */ = {isa = PBXBuildFile; fileRef = 0C75F28423C4C40A00B0D850 /* albumPlaceHolder.jpg */; };
		0C9BFF3F23C50F00007F0395 /* ImageView.swift in Sources */ = {isa = PBXBuildFile; fileRef = 0C9BFF3E23C50F00007F0395 /* ImageView.swift */; };
		0CCBEFB823C4260900B6FB5C /* AppDelegate.swift in Sources */ = {isa = PBXBuildFile; fileRef = 0CCBEFB723C4260900B6FB5C /* AppDelegate.swift */; };
		0CCBEFBA23C4260900B6FB5C /* AlbumListViewController.swift in Sources */ = {isa = PBXBuildFile; fileRef = 0CCBEFB923C4260900B6FB5C /* AlbumListViewController.swift */; };
		0CCBEFBF23C4260A00B6FB5C /* Assets.xcassets in Resources */ = {isa = PBXBuildFile; fileRef = 0CCBEFBE23C4260A00B6FB5C /* Assets.xcassets */; };
		0CCBEFC223C4260A00B6FB5C /* LaunchScreen.storyboard in Resources */ = {isa = PBXBuildFile; fileRef = 0CCBEFC023C4260A00B6FB5C /* LaunchScreen.storyboard */; };
		0CCBEFCD23C4260A00B6FB5C /* NDXTunesTests.swift in Sources */ = {isa = PBXBuildFile; fileRef = 0CCBEFCC23C4260A00B6FB5C /* NDXTunesTests.swift */; };
		0CCBEFD823C429D500B6FB5C /* Utility.swift in Sources */ = {isa = PBXBuildFile; fileRef = 0CCBEFD723C429D500B6FB5C /* Utility.swift */; };
		0CCBF02B23C432CD00B6FB5C /* NDXNetwork.framework in Frameworks */ = {isa = PBXBuildFile; fileRef = 0CCBF02A23C432CD00B6FB5C /* NDXNetwork.framework */; };
		0CCBF02C23C432CD00B6FB5C /* NDXNetwork.framework in Embed Frameworks */ = {isa = PBXBuildFile; fileRef = 0CCBF02A23C432CD00B6FB5C /* NDXNetwork.framework */; settings = {ATTRIBUTES = (CodeSignOnCopy, RemoveHeadersOnCopy, ); }; };
		0CCBF02F23C4386200B6FB5C /* AlbumsListViewModel.swift in Sources */ = {isa = PBXBuildFile; fileRef = 0CCBF02E23C4386200B6FB5C /* AlbumsListViewModel.swift */; };
		0CCBF03123C438D400B6FB5C /* AlbumViewModel.swift in Sources */ = {isa = PBXBuildFile; fileRef = 0CCBF03023C438D400B6FB5C /* AlbumViewModel.swift */; };
		0CCBF04C23C43A5000B6FB5C /* NDXDataModel.framework in Frameworks */ = {isa = PBXBuildFile; fileRef = 0CCBF04B23C43A5000B6FB5C /* NDXDataModel.framework */; };
		0CCBF04D23C43A5000B6FB5C /* NDXDataModel.framework in Embed Frameworks */ = {isa = PBXBuildFile; fileRef = 0CCBF04B23C43A5000B6FB5C /* NDXDataModel.framework */; settings = {ATTRIBUTES = (CodeSignOnCopy, RemoveHeadersOnCopy, ); }; };
		0CCBF05623C446F400B6FB5C /* AlbumViewController.swift in Sources */ = {isa = PBXBuildFile; fileRef = 0CCBF05523C446F400B6FB5C /* AlbumViewController.swift */; };
		0CCBF05923C44D1500B6FB5C /* AlbumCustomCell.swift in Sources */ = {isa = PBXBuildFile; fileRef = 0CCBF05823C44D1500B6FB5C /* AlbumCustomCell.swift */; };
/* End PBXBuildFile section */

/* Begin PBXContainerItemProxy section */
		0CCBEFC923C4260A00B6FB5C /* PBXContainerItemProxy */ = {
			isa = PBXContainerItemProxy;
			containerPortal = 0CCBEFAC23C4260900B6FB5C /* Project object */;
			proxyType = 1;
			remoteGlobalIDString = 0CCBEFB323C4260900B6FB5C;
			remoteInfo = NDXTunes;
		};
/* End PBXContainerItemProxy section */

/* Begin PBXCopyFilesBuildPhase section */
		0CCBF02D23C432CD00B6FB5C /* Embed Frameworks */ = {
			isa = PBXCopyFilesBuildPhase;
			buildActionMask = 2147483647;
			dstPath = "";
			dstSubfolderSpec = 10;
			files = (
				0CCBF02C23C432CD00B6FB5C /* NDXNetwork.framework in Embed Frameworks */,
				0CCBF04D23C43A5000B6FB5C /* NDXDataModel.framework in Embed Frameworks */,
			);
			name = "Embed Frameworks";
			runOnlyForDeploymentPostprocessing = 0;
		};
/* End PBXCopyFilesBuildPhase section */

/* Begin PBXFileReference section */
		0C75F28423C4C40A00B0D850 /* albumPlaceHolder.jpg */ = {isa = PBXFileReference; lastKnownFileType = image.jpeg; path = albumPlaceHolder.jpg; sourceTree = "<group>"; };
		0C9BFF3E23C50F00007F0395 /* ImageView.swift */ = {isa = PBXFileReference; lastKnownFileType = sourcecode.swift; path = ImageView.swift; sourceTree = "<group>"; };
		0CCBEFB423C4260900B6FB5C /* NDXTunes.app */ = {isa = PBXFileReference; explicitFileType = wrapper.application; includeInIndex = 0; path = NDXTunes.app; sourceTree = BUILT_PRODUCTS_DIR; };
		0CCBEFB723C4260900B6FB5C /* AppDelegate.swift */ = {isa = PBXFileReference; lastKnownFileType = sourcecode.swift; path = AppDelegate.swift; sourceTree = "<group>"; };
		0CCBEFB923C4260900B6FB5C /* AlbumListViewController.swift */ = {isa = PBXFileReference; lastKnownFileType = sourcecode.swift; path = AlbumListViewController.swift; sourceTree = "<group>"; };
		0CCBEFBE23C4260A00B6FB5C /* Assets.xcassets */ = {isa = PBXFileReference; lastKnownFileType = folder.assetcatalog; path = Assets.xcassets; sourceTree = "<group>"; };
		0CCBEFC123C4260A00B6FB5C /* Base */ = {isa = PBXFileReference; lastKnownFileType = file.storyboard; name = Base; path = Base.lproj/LaunchScreen.storyboard; sourceTree = "<group>"; };
		0CCBEFC323C4260A00B6FB5C /* Info.plist */ = {isa = PBXFileReference; lastKnownFileType = text.plist.xml; path = Info.plist; sourceTree = "<group>"; };
		0CCBEFC823C4260A00B6FB5C /* NDXTunesTests.xctest */ = {isa = PBXFileReference; explicitFileType = wrapper.cfbundle; includeInIndex = 0; path = NDXTunesTests.xctest; sourceTree = BUILT_PRODUCTS_DIR; };
		0CCBEFCC23C4260A00B6FB5C /* NDXTunesTests.swift */ = {isa = PBXFileReference; lastKnownFileType = sourcecode.swift; path = NDXTunesTests.swift; sourceTree = "<group>"; };
		0CCBEFCE23C4260A00B6FB5C /* Info.plist */ = {isa = PBXFileReference; lastKnownFileType = text.plist.xml; path = Info.plist; sourceTree = "<group>"; };
		0CCBEFD723C429D500B6FB5C /* Utility.swift */ = {isa = PBXFileReference; lastKnownFileType = sourcecode.swift; path = Utility.swift; sourceTree = "<group>"; };
		0CCBF02A23C432CD00B6FB5C /* NDXNetwork.framework */ = {isa = PBXFileReference; explicitFileType = wrapper.framework; path = NDXNetwork.framework; sourceTree = BUILT_PRODUCTS_DIR; };
		0CCBF02E23C4386200B6FB5C /* AlbumsListViewModel.swift */ = {isa = PBXFileReference; lastKnownFileType = sourcecode.swift; path = AlbumsListViewModel.swift; sourceTree = "<group>"; };
		0CCBF03023C438D400B6FB5C /* AlbumViewModel.swift */ = {isa = PBXFileReference; lastKnownFileType = sourcecode.swift; path = AlbumViewModel.swift; sourceTree = "<group>"; };
		0CCBF04B23C43A5000B6FB5C /* NDXDataModel.framework */ = {isa = PBXFileReference; explicitFileType = wrapper.framework; path = NDXDataModel.framework; sourceTree = BUILT_PRODUCTS_DIR; };
		0CCBF05523C446F400B6FB5C /* AlbumViewController.swift */ = {isa = PBXFileReference; lastKnownFileType = sourcecode.swift; path = AlbumViewController.swift; sourceTree = "<group>"; };
		0CCBF05823C44D1500B6FB5C /* AlbumCustomCell.swift */ = {isa = PBXFileReference; lastKnownFileType = sourcecode.swift; path = AlbumCustomCell.swift; sourceTree = "<group>"; };
/* End PBXFileReference section */

/* Begin PBXFrameworksBuildPhase section */
		0CCBEFB123C4260900B6FB5C /* Frameworks */ = {
			isa = PBXFrameworksBuildPhase;
			buildActionMask = 2147483647;
			files = (
				0CCBF02B23C432CD00B6FB5C /* NDXNetwork.framework in Frameworks */,
				0CCBF04C23C43A5000B6FB5C /* NDXDataModel.framework in Frameworks */,
			);
			runOnlyForDeploymentPostprocessing = 0;
		};
		0CCBEFC523C4260A00B6FB5C /* Frameworks */ = {
			isa = PBXFrameworksBuildPhase;
			buildActionMask = 2147483647;
			files = (
			);
			runOnlyForDeploymentPostprocessing = 0;
		};
/* End PBXFrameworksBuildPhase section */

/* Begin PBXGroup section */
		0C75F28323C4C3E900B0D850 /* Resources */ = {
			isa = PBXGroup;
			children = (
				0C75F28423C4C40A00B0D850 /* albumPlaceHolder.jpg */,
			);
			path = Resources;
			sourceTree = "<group>";
		};
		0C9BFF3D23C50EE4007F0395 /* Extensions */ = {
			isa = PBXGroup;
			children = (
				0C9BFF3E23C50F00007F0395 /* ImageView.swift */,
			);
			path = Extensions;
			sourceTree = "<group>";
		};
		0CCBEFAB23C4260900B6FB5C = {
			isa = PBXGroup;
			children = (
				0C75F28323C4C3E900B0D850 /* Resources */,
				0CCBF04B23C43A5000B6FB5C /* NDXDataModel.framework */,
				0CCBF02A23C432CD00B6FB5C /* NDXNetwork.framework */,
				0CCBEFB623C4260900B6FB5C /* NDXTunes */,
				0CCBEFCB23C4260A00B6FB5C /* NDXTunesTests */,
				0CCBEFB523C4260900B6FB5C /* Products */,
			);
			sourceTree = "<group>";
		};
		0CCBEFB523C4260900B6FB5C /* Products */ = {
			isa = PBXGroup;
			children = (
				0CCBEFB423C4260900B6FB5C /* NDXTunes.app */,
				0CCBEFC823C4260A00B6FB5C /* NDXTunesTests.xctest */,
			);
			name = Products;
			sourceTree = "<group>";
		};
		0CCBEFB623C4260900B6FB5C /* NDXTunes */ = {
			isa = PBXGroup;
			children = (
				0C9BFF3D23C50EE4007F0395 /* Extensions */,
				0CCBF05723C44CA600B6FB5C /* ViewControllers */,
				0CCBF03223C4390D00B6FB5C /* Models */,
				0CCBEFB723C4260900B6FB5C /* AppDelegate.swift */,
				0CCBEFBE23C4260A00B6FB5C /* Assets.xcassets */,
				0CCBEFC023C4260A00B6FB5C /* LaunchScreen.storyboard */,
				0CCBEFC323C4260A00B6FB5C /* Info.plist */,
				0CCBEFD723C429D500B6FB5C /* Utility.swift */,
				0CCBF05823C44D1500B6FB5C /* AlbumCustomCell.swift */,
			);
			path = NDXTunes;
			sourceTree = "<group>";
		};
		0CCBEFCB23C4260A00B6FB5C /* NDXTunesTests */ = {
			isa = PBXGroup;
			children = (
				0CCBEFCC23C4260A00B6FB5C /* NDXTunesTests.swift */,
				0CCBEFCE23C4260A00B6FB5C /* Info.plist */,
			);
			path = NDXTunesTests;
			sourceTree = "<group>";
		};
		0CCBF03223C4390D00B6FB5C /* Models */ = {
			isa = PBXGroup;
			children = (
				0CCBF02E23C4386200B6FB5C /* AlbumsListViewModel.swift */,
				0CCBF03023C438D400B6FB5C /* AlbumViewModel.swift */,
			);
			path = Models;
			sourceTree = "<group>";
		};
		0CCBF05723C44CA600B6FB5C /* ViewControllers */ = {
			isa = PBXGroup;
			children = (
				0CCBEFB923C4260900B6FB5C /* AlbumListViewController.swift */,
				0CCBF05523C446F400B6FB5C /* AlbumViewController.swift */,
			);
			path = ViewControllers;
			sourceTree = "<group>";
		};
/* End PBXGroup section */

/* Begin PBXNativeTarget section */
		0CCBEFB323C4260900B6FB5C /* NDXTunes */ = {
			isa = PBXNativeTarget;
			buildConfigurationList = 0CCBEFD123C4260A00B6FB5C /* Build configuration list for PBXNativeTarget "NDXTunes" */;
			buildPhases = (
				0CCBEFB023C4260900B6FB5C /* Sources */,
				0CCBEFB123C4260900B6FB5C /* Frameworks */,
				0CCBEFB223C4260900B6FB5C /* Resources */,
				0CCBF02D23C432CD00B6FB5C /* Embed Frameworks */,
			);
			buildRules = (
			);
			dependencies = (
			);
			name = NDXTunes;
			productName = NDXTunes;
			productReference = 0CCBEFB423C4260900B6FB5C /* NDXTunes.app */;
			productType = "com.apple.product-type.application";
		};
		0CCBEFC723C4260A00B6FB5C /* NDXTunesTests */ = {
			isa = PBXNativeTarget;
			buildConfigurationList = 0CCBEFD423C4260A00B6FB5C /* Build configuration list for PBXNativeTarget "NDXTunesTests" */;
			buildPhases = (
				0CCBEFC423C4260A00B6FB5C /* Sources */,
				0CCBEFC523C4260A00B6FB5C /* Frameworks */,
				0CCBEFC623C4260A00B6FB5C /* Resources */,
			);
			buildRules = (
			);
			dependencies = (
				0CCBEFCA23C4260A00B6FB5C /* PBXTargetDependency */,
			);
			name = NDXTunesTests;
			productName = NDXTunesTests;
			productReference = 0CCBEFC823C4260A00B6FB5C /* NDXTunesTests.xctest */;
			productType = "com.apple.product-type.bundle.unit-test";
		};
/* End PBXNativeTarget section */

/* Begin PBXProject section */
		0CCBEFAC23C4260900B6FB5C /* Project object */ = {
			isa = PBXProject;
			attributes = {
				LastSwiftUpdateCheck = 1020;
				LastUpgradeCheck = 1020;
				ORGANIZATIONNAME = RajanAR21;
				TargetAttributes = {
					0CCBEFB323C4260900B6FB5C = {
						CreatedOnToolsVersion = 10.2;
					};
					0CCBEFC723C4260A00B6FB5C = {
						CreatedOnToolsVersion = 10.2;
						TestTargetID = 0CCBEFB323C4260900B6FB5C;
					};
				};
			};
			buildConfigurationList = 0CCBEFAF23C4260900B6FB5C /* Build configuration list for PBXProject "NDXTunes" */;
			compatibilityVersion = "Xcode 9.3";
			developmentRegion = en;
			hasScannedForEncodings = 0;
			knownRegions = (
				en,
				Base,
			);
			mainGroup = 0CCBEFAB23C4260900B6FB5C;
			productRefGroup = 0CCBEFB523C4260900B6FB5C /* Products */;
			projectDirPath = "";
			projectRoot = "";
			targets = (
				0CCBEFB323C4260900B6FB5C /* NDXTunes */,
				0CCBEFC723C4260A00B6FB5C /* NDXTunesTests */,
			);
		};
/* End PBXProject section */

/* Begin PBXResourcesBuildPhase section */
		0CCBEFB223C4260900B6FB5C /* Resources */ = {
			isa = PBXResourcesBuildPhase;
			buildActionMask = 2147483647;
			files = (
				0CCBEFC223C4260A00B6FB5C /* LaunchScreen.storyboard in Resources */,
				0CCBEFBF23C4260A00B6FB5C /* Assets.xcassets in Resources */,
				0C75F28523C4C40A00B0D850 /* albumPlaceHolder.jpg in Resources */,
			);
			runOnlyForDeploymentPostprocessing = 0;
		};
		0CCBEFC623C4260A00B6FB5C /* Resources */ = {
			isa = PBXResourcesBuildPhase;
			buildActionMask = 2147483647;
			files = (
			);
			runOnlyForDeploymentPostprocessing = 0;
		};
/* End PBXResourcesBuildPhase section */

/* Begin PBXSourcesBuildPhase section */
		0CCBEFB023C4260900B6FB5C /* Sources */ = {
			isa = PBXSourcesBuildPhase;
			buildActionMask = 2147483647;
			files = (
				0C9BFF3F23C50F00007F0395 /* ImageView.swift in Sources */,
				0CCBF05623C446F400B6FB5C /* AlbumViewController.swift in Sources */,
				0CCBF02F23C4386200B6FB5C /* AlbumsListViewModel.swift in Sources */,
				0CCBEFBA23C4260900B6FB5C /* AlbumListViewController.swift in Sources */,
				0CCBEFB823C4260900B6FB5C /* AppDelegate.swift in Sources */,
				0CCBF03123C438D400B6FB5C /* AlbumViewModel.swift in Sources */,
				0CCBEFD823C429D500B6FB5C /* Utility.swift in Sources */,
				0CCBF05923C44D1500B6FB5C /* AlbumCustomCell.swift in Sources */,
			);
			runOnlyForDeploymentPostprocessing = 0;
		};
		0CCBEFC423C4260A00B6FB5C /* Sources */ = {
			isa = PBXSourcesBuildPhase;
			buildActionMask = 2147483647;
			files = (
				0CCBEFCD23C4260A00B6FB5C /* NDXTunesTests.swift in Sources */,
			);
			runOnlyForDeploymentPostprocessing = 0;
		};
/* End PBXSourcesBuildPhase section */

/* Begin PBXTargetDependency section */
		0CCBEFCA23C4260A00B6FB5C /* PBXTargetDependency */ = {
			isa = PBXTargetDependency;
			target = 0CCBEFB323C4260900B6FB5C /* NDXTunes */;
			targetProxy = 0CCBEFC923C4260A00B6FB5C /* PBXContainerItemProxy */;
		};
/* End PBXTargetDependency section */

/* Begin PBXVariantGroup section */
		0CCBEFC023C4260A00B6FB5C /* LaunchScreen.storyboard */ = {
			isa = PBXVariantGroup;
			children = (
				0CCBEFC123C4260A00B6FB5C /* Base */,
			);
			name = LaunchScreen.storyboard;
			sourceTree = "<group>";
		};
/* End PBXVariantGroup section */

/* Begin XCBuildConfiguration section */
		0CCBEFCF23C4260A00B6FB5C /* Debug */ = {
			isa = XCBuildConfiguration;
			buildSettings = {
				ALWAYS_SEARCH_USER_PATHS = NO;
				CLANG_ANALYZER_NONNULL = YES;
				CLANG_ANALYZER_NUMBER_OBJECT_CONVERSION = YES_AGGRESSIVE;
				CLANG_CXX_LANGUAGE_STANDARD = "gnu++14";
				CLANG_CXX_LIBRARY = "libc++";
				CLANG_ENABLE_MODULES = YES;
				CLANG_ENABLE_OBJC_ARC = YES;
				CLANG_ENABLE_OBJC_WEAK = YES;
				CLANG_WARN_BLOCK_CAPTURE_AUTORELEASING = YES;
				CLANG_WARN_BOOL_CONVERSION = YES;
				CLANG_WARN_COMMA = YES;
				CLANG_WARN_CONSTANT_CONVERSION = YES;
				CLANG_WARN_DEPRECATED_OBJC_IMPLEMENTATIONS = YES;
				CLANG_WARN_DIRECT_OBJC_ISA_USAGE = YES_ERROR;
				CLANG_WARN_DOCUMENTATION_COMMENTS = YES;
				CLANG_WARN_EMPTY_BODY = YES;
				CLANG_WARN_ENUM_CONVERSION = YES;
				CLANG_WARN_INFINITE_RECURSION = YES;
				CLANG_WARN_INT_CONVERSION = YES;
				CLANG_WARN_NON_LITERAL_NULL_CONVERSION = YES;
				CLANG_WARN_OBJC_IMPLICIT_RETAIN_SELF = YES;
				CLANG_WARN_OBJC_LITERAL_CONVERSION = YES;
				CLANG_WARN_OBJC_ROOT_CLASS = YES_ERROR;
				CLANG_WARN_RANGE_LOOP_ANALYSIS = YES;
				CLANG_WARN_STRICT_PROTOTYPES = YES;
				CLANG_WARN_SUSPICIOUS_MOVE = YES;
				CLANG_WARN_UNGUARDED_AVAILABILITY = YES_AGGRESSIVE;
				CLANG_WARN_UNREACHABLE_CODE = YES;
				CLANG_WARN__DUPLICATE_METHOD_MATCH = YES;
				CODE_SIGN_IDENTITY = "iPhone Developer";
				COPY_PHASE_STRIP = NO;
				DEBUG_INFORMATION_FORMAT = dwarf;
				ENABLE_STRICT_OBJC_MSGSEND = YES;
				ENABLE_TESTABILITY = YES;
				GCC_C_LANGUAGE_STANDARD = gnu11;
				GCC_DYNAMIC_NO_PIC = NO;
				GCC_NO_COMMON_BLOCKS = YES;
				GCC_OPTIMIZATION_LEVEL = 0;
				GCC_PREPROCESSOR_DEFINITIONS = (
					"DEBUG=1",
					"$(inherited)",
				);
				GCC_WARN_64_TO_32_BIT_CONVERSION = YES;
				GCC_WARN_ABOUT_RETURN_TYPE = YES_ERROR;
				GCC_WARN_UNDECLARED_SELECTOR = YES;
				GCC_WARN_UNINITIALIZED_AUTOS = YES_AGGRESSIVE;
				GCC_WARN_UNUSED_FUNCTION = YES;
				GCC_WARN_UNUSED_VARIABLE = YES;
				IPHONEOS_DEPLOYMENT_TARGET = 12.1;
				MTL_ENABLE_DEBUG_INFO = INCLUDE_SOURCE;
				MTL_FAST_MATH = YES;
				ONLY_ACTIVE_ARCH = YES;
				SDKROOT = iphoneos;
				SWIFT_ACTIVE_COMPILATION_CONDITIONS = DEBUG;
				SWIFT_OPTIMIZATION_LEVEL = "-Onone";
			};
			name = Debug;
		};
		0CCBEFD023C4260A00B6FB5C /* Release */ = {
			isa = XCBuildConfiguration;
			buildSettings = {
				ALWAYS_SEARCH_USER_PATHS = NO;
				CLANG_ANALYZER_NONNULL = YES;
				CLANG_ANALYZER_NUMBER_OBJECT_CONVERSION = YES_AGGRESSIVE;
				CLANG_CXX_LANGUAGE_STANDARD = "gnu++14";
				CLANG_CXX_LIBRARY = "libc++";
				CLANG_ENABLE_MODULES = YES;
				CLANG_ENABLE_OBJC_ARC = YES;
				CLANG_ENABLE_OBJC_WEAK = YES;
				CLANG_WARN_BLOCK_CAPTURE_AUTORELEASING = YES;
				CLANG_WARN_BOOL_CONVERSION = YES;
				CLANG_WARN_COMMA = YES;
				CLANG_WARN_CONSTANT_CONVERSION = YES;
				CLANG_WARN_DEPRECATED_OBJC_IMPLEMENTATIONS = YES;
				CLANG_WARN_DIRECT_OBJC_ISA_USAGE = YES_ERROR;
				CLANG_WARN_DOCUMENTATION_COMMENTS = YES;
				CLANG_WARN_EMPTY_BODY = YES;
				CLANG_WARN_ENUM_CONVERSION = YES;
				CLANG_WARN_INFINITE_RECURSION = YES;
				CLANG_WARN_INT_CONVERSION = YES;
				CLANG_WARN_NON_LITERAL_NULL_CONVERSION = YES;
				CLANG_WARN_OBJC_IMPLICIT_RETAIN_SELF = YES;
				CLANG_WARN_OBJC_LITERAL_CONVERSION = YES;
				CLANG_WARN_OBJC_ROOT_CLASS = YES_ERROR;
				CLANG_WARN_RANGE_LOOP_ANALYSIS = YES;
				CLANG_WARN_STRICT_PROTOTYPES = YES;
				CLANG_WARN_SUSPICIOUS_MOVE = YES;
				CLANG_WARN_UNGUARDED_AVAILABILITY = YES_AGGRESSIVE;
				CLANG_WARN_UNREACHABLE_CODE = YES;
				CLANG_WARN__DUPLICATE_METHOD_MATCH = YES;
				CODE_SIGN_IDENTITY = "iPhone Developer";
				COPY_PHASE_STRIP = NO;
				DEBUG_INFORMATION_FORMAT = "dwarf-with-dsym";
				ENABLE_NS_ASSERTIONS = NO;
				ENABLE_STRICT_OBJC_MSGSEND = YES;
				GCC_C_LANGUAGE_STANDARD = gnu11;
				GCC_NO_COMMON_BLOCKS = YES;
				GCC_WARN_64_TO_32_BIT_CONVERSION = YES;
				GCC_WARN_ABOUT_RETURN_TYPE = YES_ERROR;
				GCC_WARN_UNDECLARED_SELECTOR = YES;
				GCC_WARN_UNINITIALIZED_AUTOS = YES_AGGRESSIVE;
				GCC_WARN_UNUSED_FUNCTION = YES;
				GCC_WARN_UNUSED_VARIABLE = YES;
				IPHONEOS_DEPLOYMENT_TARGET = 12.1;
				MTL_ENABLE_DEBUG_INFO = NO;
				MTL_FAST_MATH = YES;
				SDKROOT = iphoneos;
				SWIFT_COMPILATION_MODE = wholemodule;
				SWIFT_OPTIMIZATION_LEVEL = "-O";
				VALIDATE_PRODUCT = YES;
			};
			name = Release;
		};
		0CCBEFD223C4260A00B6FB5C /* Debug */ = {
			isa = XCBuildConfiguration;
			buildSettings = {
				ASSETCATALOG_COMPILER_APPICON_NAME = AppIcon;
				CODE_SIGN_STYLE = Automatic;
				DEVELOPMENT_TEAM = P6AEMQGEVK;
				INFOPLIST_FILE = NDXTunes/Info.plist;
				LD_RUNPATH_SEARCH_PATHS = (
					"$(inherited)",
					"@executable_path/Frameworks",
				);
				PRODUCT_BUNDLE_IDENTIFIER = ndx.Demo.com.NDXTunes;
				PRODUCT_NAME = "$(TARGET_NAME)";
				SWIFT_VERSION = 5.0;
				TARGETED_DEVICE_FAMILY = "1,2";
			};
			name = Debug;
		};
		0CCBEFD323C4260A00B6FB5C /* Release */ = {
			isa = XCBuildConfiguration;
			buildSettings = {
				ASSETCATALOG_COMPILER_APPICON_NAME = AppIcon;
				CODE_SIGN_STYLE = Automatic;
				DEVELOPMENT_TEAM = P6AEMQGEVK;
				INFOPLIST_FILE = NDXTunes/Info.plist;
				LD_RUNPATH_SEARCH_PATHS = (
					"$(inherited)",
					"@executable_path/Frameworks",
				);
				PRODUCT_BUNDLE_IDENTIFIER = ndx.Demo.com.NDXTunes;
				PRODUCT_NAME = "$(TARGET_NAME)";
				SWIFT_VERSION = 5.0;
				TARGETED_DEVICE_FAMILY = "1,2";
			};
			name = Release;
		};
		0CCBEFD523C4260A00B6FB5C /* Debug */ = {
			isa = XCBuildConfiguration;
			buildSettings = {
				ALWAYS_EMBED_SWIFT_STANDARD_LIBRARIES = YES;
				BUNDLE_LOADER = "$(TEST_HOST)";
				CODE_SIGN_STYLE = Automatic;
				DEVELOPMENT_TEAM = P6AEMQGEVK;
				INFOPLIST_FILE = NDXTunesTests/Info.plist;
				LD_RUNPATH_SEARCH_PATHS = (
					"$(inherited)",
					"@executable_path/Frameworks",
					"@loader_path/Frameworks",
				);
				PRODUCT_BUNDLE_IDENTIFIER = ndx.Demo.com.NDXTunesTests;
				PRODUCT_NAME = "$(TARGET_NAME)";
				SWIFT_VERSION = 5.0;
				TARGETED_DEVICE_FAMILY = "1,2";
				TEST_HOST = "$(BUILT_PRODUCTS_DIR)/NDXTunes.app/NDXTunes";
			};
			name = Debug;
		};
		0CCBEFD623C4260A00B6FB5C /* Release */ = {
			isa = XCBuildConfiguration;
			buildSettings = {
				ALWAYS_EMBED_SWIFT_STANDARD_LIBRARIES = YES;
				BUNDLE_LOADER = "$(TEST_HOST)";
				CODE_SIGN_STYLE = Automatic;
				DEVELOPMENT_TEAM = P6AEMQGEVK;
				INFOPLIST_FILE = NDXTunesTests/Info.plist;
				LD_RUNPATH_SEARCH_PATHS = (
					"$(inherited)",
					"@executable_path/Frameworks",
					"@loader_path/Frameworks",
				);
				PRODUCT_BUNDLE_IDENTIFIER = ndx.Demo.com.NDXTunesTests;
				PRODUCT_NAME = "$(TARGET_NAME)";
				SWIFT_VERSION = 5.0;
				TARGETED_DEVICE_FAMILY = "1,2";
				TEST_HOST = "$(BUILT_PRODUCTS_DIR)/NDXTunes.app/NDXTunes";
			};
			name = Release;
		};
/* End XCBuildConfiguration section */

/* Begin XCConfigurationList section */
		0CCBEFAF23C4260900B6FB5C /* Build configuration list for PBXProject "NDXTunes" */ = {
			isa = XCConfigurationList;
			buildConfigurations = (
				0CCBEFCF23C4260A00B6FB5C /* Debug */,
				0CCBEFD023C4260A00B6FB5C /* Release */,
			);
			defaultConfigurationIsVisible = 0;
			defaultConfigurationName = Release;
		};
		0CCBEFD123C4260A00B6FB5C /* Build configuration list for PBXNativeTarget "NDXTunes" */ = {
			isa = XCConfigurationList;
			buildConfigurations = (
				0CCBEFD223C4260A00B6FB5C /* Debug */,
				0CCBEFD323C4260A00B6FB5C /* Release */,
			);
			defaultConfigurationIsVisible = 0;
			defaultConfigurationName = Release;
		};
		0CCBEFD423C4260A00B6FB5C /* Build configuration list for PBXNativeTarget "NDXTunesTests" */ = {
			isa = XCConfigurationList;
			buildConfigurations = (
				0CCBEFD523C4260A00B6FB5C /* Debug */,
				0CCBEFD623C4260A00B6FB5C /* Release */,
			);
			defaultConfigurationIsVisible = 0;
			defaultConfigurationName = Release;
		};
/* End XCConfigurationList section */
	};
	rootObject = 0CCBEFAC23C4260900B6FB5C /* Project object */;
}
